// !$*UTF8*$!
{
	archiveVersion = 1;
	classes = {
	};
	objectVersion = 46;
	objects = {

/* Begin PBXBuildFile section */
		85D8481E19CB7C6700F40627 /* AppDelegate.swift in Sources */ = {isa = PBXBuildFile; fileRef = 85D8481D19CB7C6700F40627 /* AppDelegate.swift */; };
		85D8482019CB7C6700F40627 /* ViewController.swift in Sources */ = {isa = PBXBuildFile; fileRef = 85D8481F19CB7C6700F40627 /* ViewController.swift */; };
		85D8482319CB7C6700F40627 /* Main.storyboard in Resources */ = {isa = PBXBuildFile; fileRef = 85D8482119CB7C6700F40627 /* Main.storyboard */; };
		85D8482519CB7C6700F40627 /* Images.xcassets in Resources */ = {isa = PBXBuildFile; fileRef = 85D8482419CB7C6700F40627 /* Images.xcassets */; };
		85D8482819CB7C6700F40627 /* LaunchScreen.xib in Resources */ = {isa = PBXBuildFile; fileRef = 85D8482619CB7C6700F40627 /* LaunchScreen.xib */; };
		85D8483419CB7C6800F40627 /* MyTipCalTests.swift in Sources */ = {isa = PBXBuildFile; fileRef = 85D8483319CB7C6800F40627 /* MyTipCalTests.swift */; };
		85D8483E19CB89DC00F40627 /* SettingsViewController.swift in Sources */ = {isa = PBXBuildFile; fileRef = 85D8483D19CB89DC00F40627 /* SettingsViewController.swift */; };
/* End PBXBuildFile section */

/* Begin PBXContainerItemProxy section */
		85D8482E19CB7C6800F40627 /* PBXContainerItemProxy */ = {
			isa = PBXContainerItemProxy;
			containerPortal = 85D8481019CB7C6700F40627 /* Project object */;
			proxyType = 1;
			remoteGlobalIDString = 85D8481719CB7C6700F40627;
			remoteInfo = MyTipCal;
		};
/* End PBXContainerItemProxy section */

/* Begin PBXFileReference section */
		85D8481819CB7C6700F40627 /* MyTipCal.app */ = {isa = PBXFileReference; explicitFileType = wrapper.application; includeInIndex = 0; path = MyTipCal.app; sourceTree = BUILT_PRODUCTS_DIR; };
		85D8481C19CB7C6700F40627 /* Info.plist */ = {isa = PBXFileReference; lastKnownFileType = text.plist.xml; path = Info.plist; sourceTree = "<group>"; };
		85D8481D19CB7C6700F40627 /* AppDelegate.swift */ = {isa = PBXFileReference; lastKnownFileType = sourcecode.swift; path = AppDelegate.swift; sourceTree = "<group>"; };
		85D8481F19CB7C6700F40627 /* ViewController.swift */ = {isa = PBXFileReference; lastKnownFileType = sourcecode.swift; path = ViewController.swift; sourceTree = "<group>"; };
		85D8482219CB7C6700F40627 /* Base */ = {isa = PBXFileReference; lastKnownFileType = file.storyboard; name = Base; path = Base.lproj/Main.storyboard; sourceTree = "<group>"; };
		85D8482419CB7C6700F40627 /* Images.xcassets */ = {isa = PBXFileReference; lastKnownFileType = folder.assetcatalog; path = Images.xcassets; sourceTree = "<group>"; };
		85D8482719CB7C6700F40627 /* Base */ = {isa = PBXFileReference; lastKnownFileType = file.xib; name = Base; path = Base.lproj/LaunchScreen.xib; sourceTree = "<group>"; };
		85D8482D19CB7C6800F40627 /* MyTipCalTests.xctest */ = {isa = PBXFileReference; explicitFileType = wrapper.cfbundle; includeInIndex = 0; path = MyTipCalTests.xctest; sourceTree = BUILT_PRODUCTS_DIR; };
		85D8483219CB7C6800F40627 /* Info.plist */ = {isa = PBXFileReference; lastKnownFileType = text.plist.xml; path = Info.plist; sourceTree = "<group>"; };
		85D8483319CB7C6800F40627 /* MyTipCalTests.swift */ = {isa = PBXFileReference; lastKnownFileType = sourcecode.swift; path = MyTipCalTests.swift; sourceTree = "<group>"; };
		85D8483D19CB89DC00F40627 /* SettingsViewController.swift */ = {isa = PBXFileReference; fileEncoding = 4; lastKnownFileType = sourcecode.swift; path = SettingsViewController.swift; sourceTree = "<group>"; };
/* End PBXFileReference section */

/* Begin PBXFrameworksBuildPhase section */
		85D8481519CB7C6700F40627 /* Frameworks */ = {
			isa = PBXFrameworksBuildPhase;
			buildActionMask = 2147483647;
			files = (
			);
			runOnlyForDeploymentPostprocessing = 0;
		};
		85D8482A19CB7C6800F40627 /* Frameworks */ = {
			isa = PBXFrameworksBuildPhase;
			buildActionMask = 2147483647;
			files = (
			);
			runOnlyForDeploymentPostprocessing = 0;
		};
/* End PBXFrameworksBuildPhase section */

/* Begin PBXGroup section */
		85D8480F19CB7C6600F40627 = {
			isa = PBXGroup;
			children = (
				85D8481A19CB7C6700F40627 /* MyTipCal */,
				85D8483019CB7C6800F40627 /* MyTipCalTests */,
				85D8481919CB7C6700F40627 /* Products */,
			);
			sourceTree = "<group>";
		};
		85D8481919CB7C6700F40627 /* Products */ = {
			isa = PBXGroup;
			children = (
				85D8481819CB7C6700F40627 /* MyTipCal.app */,
				85D8482D19CB7C6800F40627 /* MyTipCalTests.xctest */,
			);
			name = Products;
			sourceTree = "<group>";
		};
		85D8481A19CB7C6700F40627 /* MyTipCal */ = {
			isa = PBXGroup;
			children = (
				85D8481D19CB7C6700F40627 /* AppDelegate.swift */,
				85D8482119CB7C6700F40627 /* Main.storyboard */,
				85D8481F19CB7C6700F40627 /* ViewController.swift */,
				85D8483D19CB89DC00F40627 /* SettingsViewController.swift */,
				85D8482419CB7C6700F40627 /* Images.xcassets */,
				85D8482619CB7C6700F40627 /* LaunchScreen.xib */,
				85D8481B19CB7C6700F40627 /* Supporting Files */,
			);
			path = MyTipCal;
			sourceTree = "<group>";
		};
		85D8481B19CB7C6700F40627 /* Supporting Files */ = {
			isa = PBXGroup;
			children = (
				85D8481C19CB7C6700F40627 /* Info.plist */,
			);
			name = "Supporting Files";
			sourceTree = "<group>";
		};
		85D8483019CB7C6800F40627 /* MyTipCalTests */ = {
			isa = PBXGroup;
			children = (
				85D8483319CB7C6800F40627 /* MyTipCalTests.swift */,
				85D8483119CB7C6800F40627 /* Supporting Files */,
			);
			path = MyTipCalTests;
			sourceTree = "<group>";
		};
		85D8483119CB7C6800F40627 /* Supporting Files */ = {
			isa = PBXGroup;
			children = (
				85D8483219CB7C6800F40627 /* Info.plist */,
			);
			name = "Supporting Files";
			sourceTree = "<group>";
		};
/* End PBXGroup section */

/* Begin PBXNativeTarget section */
		85D8481719CB7C6700F40627 /* MyTipCal */ = {
			isa = PBXNativeTarget;
			buildConfigurationList = 85D8483719CB7C6800F40627 /* Build configuration list for PBXNativeTarget "MyTipCal" */;
			buildPhases = (
				85D8481419CB7C6700F40627 /* Sources */,
				85D8481519CB7C6700F40627 /* Frameworks */,
				85D8481619CB7C6700F40627 /* Resources */,
			);
			buildRules = (
			);
			dependencies = (
			);
			name = MyTipCal;
			productName = MyTipCal;
			productReference = 85D8481819CB7C6700F40627 /* MyTipCal.app */;
			productType = "com.apple.product-type.application";
		};
		85D8482C19CB7C6800F40627 /* MyTipCalTests */ = {
			isa = PBXNativeTarget;
			buildConfigurationList = 85D8483A19CB7C6800F40627 /* Build configuration list for PBXNativeTarget "MyTipCalTests" */;
			buildPhases = (
				85D8482919CB7C6800F40627 /* Sources */,
				85D8482A19CB7C6800F40627 /* Frameworks */,
				85D8482B19CB7C6800F40627 /* Resources */,
			);
			buildRules = (
			);
			dependencies = (
				85D8482F19CB7C6800F40627 /* PBXTargetDependency */,
			);
			name = MyTipCalTests;
			productName = MyTipCalTests;
			productReference = 85D8482D19CB7C6800F40627 /* MyTipCalTests.xctest */;
			productType = "com.apple.product-type.bundle.unit-test";
		};
/* End PBXNativeTarget section */

/* Begin PBXProject section */
		85D8481019CB7C6700F40627 /* Project object */ = {
			isa = PBXProject;
			attributes = {
				LastUpgradeCheck = 0600;
				ORGANIZATIONNAME = ziyang;
				TargetAttributes = {
					85D8481719CB7C6700F40627 = {
						CreatedOnToolsVersion = 6.0;
					};
					85D8482C19CB7C6800F40627 = {
						CreatedOnToolsVersion = 6.0;
						TestTargetID = 85D8481719CB7C6700F40627;
					};
				};
			};
			buildConfigurationList = 85D8481319CB7C6700F40627 /* Build configuration list for PBXProject "MyTipCal" */;
			compatibilityVersion = "Xcode 3.2";
			developmentRegion = English;
			hasScannedForEncodings = 0;
			knownRegions = (
				en,
				Base,
			);
			mainGroup = 85D8480F19CB7C6600F40627;
			productRefGroup = 85D8481919CB7C6700F40627 /* Products */;
			projectDirPath = "";
			projectRoot = "";
			targets = (
				85D8481719CB7C6700F40627 /* MyTipCal */,
				85D8482C19CB7C6800F40627 /* MyTipCalTests */,
			);
		};
/* End PBXProject section */

/* Begin PBXResourcesBuildPhase section */
		85D8481619CB7C6700F40627 /* Resources */ = {
			isa = PBXResourcesBuildPhase;
			buildActionMask = 2147483647;
			files = (
				85D8482319CB7C6700F40627 /* Main.storyboard in Resources */,
				85D8482819CB7C6700F40627 /* LaunchScreen.xib in Resources */,
				85D8482519CB7C6700F40627 /* Images.xcassets in Resources */,
			);
			runOnlyForDeploymentPostprocessing = 0;
		};
		85D8482B19CB7C6800F40627 /* Resources */ = {
			isa = PBXResourcesBuildPhase;
			buildActionMask = 2147483647;
			files = (
			);
			runOnlyForDeploymentPostprocessing = 0;
		};
/* End PBXResourcesBuildPhase section */

/* Begin PBXSourcesBuildPhase section */
		85D8481419CB7C6700F40627 /* Sources */ = {
			isa = PBXSourcesBuildPhase;
			buildActionMask = 2147483647;
			files = (
				85D8482019CB7C6700F40627 /* ViewController.swift in Sources */,
				85D8481E19CB7C6700F40627 /* AppDelegate.swift in Sources */,
				85D8483E19CB89DC00F40627 /* SettingsViewController.swift in Sources */,
			);
			runOnlyForDeploymentPostprocessing = 0;
		};
		85D8482919CB7C6800F40627 /* Sources */ = {
			isa = PBXSourcesBuildPhase;
			buildActionMask = 2147483647;
			files = (
				85D8483419CB7C6800F40627 /* MyTipCalTests.swift in Sources */,
			);
			runOnlyForDeploymentPostprocessing = 0;
		};
/* End PBXSourcesBuildPhase section */

/* Begin PBXTargetDependency section */
		85D8482F19CB7C6800F40627 /* PBXTargetDependency */ = {
			isa = PBXTargetDependency;
			target = 85D8481719CB7C6700F40627 /* MyTipCal */;
			targetProxy = 85D8482E19CB7C6800F40627 /* PBXContainerItemProxy */;
		};
/* End PBXTargetDependency section */

/* Begin PBXVariantGroup section */
		85D8482119CB7C6700F40627 /* Main.storyboard */ = {
			isa = PBXVariantGroup;
			children = (
				85D8482219CB7C6700F40627 /* Base */,
			);
			name = Main.storyboard;
			sourceTree = "<group>";
		};
		85D8482619CB7C6700F40627 /* LaunchScreen.xib */ = {
			isa = PBXVariantGroup;
			children = (
				85D8482719CB7C6700F40627 /* Base */,
			);
			name = LaunchScreen.xib;
			sourceTree = "<group>";
		};
/* End PBXVariantGroup section */

/* Begin XCBuildConfiguration section */
		85D8483519CB7C6800F40627 /* Debug */ = {
			isa = XCBuildConfiguration;
			buildSettings = {
				ALWAYS_SEARCH_USER_PATHS = NO;
				CLANG_CXX_LANGUAGE_STANDARD = "gnu++0x";
				CLANG_CXX_LIBRARY = "libc++";
				CLANG_ENABLE_MODULES = YES;
				CLANG_ENABLE_OBJC_ARC = YES;
				CLANG_WARN_BOOL_CONVERSION = YES;
				CLANG_WARN_CONSTANT_CONVERSION = YES;
				CLANG_WARN_DIRECT_OBJC_ISA_USAGE = YES_ERROR;
				CLANG_WARN_EMPTY_BODY = YES;
				CLANG_WARN_ENUM_CONVERSION = YES;
				CLANG_WARN_INT_CONVERSION = YES;
				CLANG_WARN_OBJC_ROOT_CLASS = YES_ERROR;
				CLANG_WARN_UNREACHABLE_CODE = YES;
				CLANG_WARN__DUPLICATE_METHOD_MATCH = YES;
				"CODE_SIGN_IDENTITY[sdk=iphoneos*]" = "iPhone Developer";
				COPY_PHASE_STRIP = NO;
				ENABLE_STRICT_OBJC_MSGSEND = YES;
				GCC_C_LANGUAGE_STANDARD = gnu99;
				GCC_DYNAMIC_NO_PIC = NO;
				GCC_OPTIMIZATION_LEVEL = 0;
				GCC_PREPROCESSOR_DEFINITIONS = (
					"DEBUG=1",
					"$(inherited)",
				);
				GCC_SYMBOLS_PRIVATE_EXTERN = NO;
				GCC_WARN_64_TO_32_BIT_CONVERSION = YES;
				GCC_WARN_ABOUT_RETURN_TYPE = YES_ERROR;
				GCC_WARN_UNDECLARED_SELECTOR = YES;
				GCC_WARN_UNINITIALIZED_AUTOS = YES_AGGRESSIVE;
				GCC_WARN_UNUSED_FUNCTION = YES;
				GCC_WARN_UNUSED_VARIABLE = YES;
				IPHONEOS_DEPLOYMENT_TARGET = 8.0;
				MTL_ENABLE_DEBUG_INFO = YES;
				ONLY_ACTIVE_ARCH = YES;
				SDKROOT = iphoneos;
				SWIFT_OPTIMIZATION_LEVEL = "-Onone";
			};
			name = Debug;
		};
		85D8483619CB7C6800F40627 /* Release */ = {
			isa = XCBuildConfiguration;
			buildSettings = {
				ALWAYS_SEARCH_USER_PATHS = NO;
				CLANG_CXX_LANGUAGE_STANDARD = "gnu++0x";
				CLANG_CXX_LIBRARY = "libc++";
				CLANG_ENABLE_MODULES = YES;
				CLANG_ENABLE_OBJC_ARC = YES;
				CLANG_WARN_BOOL_CONVERSION = YES;
				CLANG_WARN_CONSTANT_CONVERSION = YES;
				CLANG_WARN_DIRECT_OBJC_ISA_USAGE = YES_ERROR;
				CLANG_WARN_EMPTY_BODY = YES;
				CLANG_WARN_ENUM_CONVERSION = YES;
				CLANG_WARN_INT_CONVERSION = YES;
				CLANG_WARN_OBJC_ROOT_CLASS = YES_ERROR;
				CLANG_WARN_UNREACHABLE_CODE = YES;
				CLANG_WARN__DUPLICATE_METHOD_MATCH = YES;
				"CODE_SIGN_IDENTITY[sdk=iphoneos*]" = "iPhone Developer";
				COPY_PHASE_STRIP = YES;
				ENABLE_NS_ASSERTIONS = NO;
				ENABLE_STRICT_OBJC_MSGSEND = YES;
				GCC_C_LANGUAGE_STANDARD = gnu99;
				GCC_WARN_64_TO_32_BIT_CONVERSION = YES;
				GCC_WARN_ABOUT_RETURN_TYPE = YES_ERROR;
				GCC_WARN_UNDECLARED_SELECTOR = YES;
				GCC_WARN_UNINITIALIZED_AUTOS = YES_AGGRESSIVE;
				GCC_WARN_UNUSED_FUNCTION = YES;
				GCC_WARN_UNUSED_VARIABLE = YES;
				IPHONEOS_DEPLOYMENT_TARGET = 8.0;
				MTL_ENABLE_DEBUG_INFO = NO;
				SDKROOT = iphoneos;
				VALIDATE_PRODUCT = YES;
			};
			name = Release;
		};
		85D8483819CB7C6800F40627 /* Debug */ = {
			isa = XCBuildConfiguration;
			buildSettings = {
				ASSETCATALOG_COMPILER_APPICON_NAME = AppIcon;
				INFOPLIST_FILE = MyTipCal/Info.plist;
				LD_RUNPATH_SEARCH_PATHS = "$(inherited) @executable_path/Frameworks";
				PRODUCT_NAME = "$(TARGET_NAME)";
			};
			name = Debug;
		};
		85D8483919CB7C6800F40627 /* Release */ = {
			isa = XCBuildConfiguration;
			buildSettings = {
				ASSETCATALOG_COMPILER_APPICON_NAME = AppIcon;
				INFOPLIST_FILE = MyTipCal/Info.plist;
				LD_RUNPATH_SEARCH_PATHS = "$(inherited) @executable_path/Frameworks";
				PRODUCT_NAME = "$(TARGET_NAME)";
			};
			name = Release;
		};
		85D8483B19CB7C6800F40627 /* Debug */ = {
			isa = XCBuildConfiguration;
			buildSettings = {
				BUNDLE_LOADER = "$(TEST_HOST)";
				FRAMEWORK_SEARCH_PATHS = (
					"$(SDKROOT)/Developer/Library/Frameworks",
					"$(inherited)",
				);
				GCC_PREPROCESSOR_DEFINITIONS = (
					"DEBUG=1",
					"$(inherited)",
				);
				INFOPLIST_FILE = MyTipCalTests/Info.plist;
				LD_RUNPATH_SEARCH_PATHS = "$(inherited) @executable_path/Frameworks @loader_path/Frameworks";
				PRODUCT_NAME = "$(TARGET_NAME)";
				TEST_HOST = "$(BUILT_PRODUCTS_DIR)/MyTipCal.app/MyTipCal";
			};
			name = Debug;
		};
		85D8483C19CB7C6800F40627 /* Release */ = {
			isa = XCBuildConfiguration;
			buildSettings = {
				BUNDLE_LOADER = "$(TEST_HOST)";
				FRAMEWORK_SEARCH_PATHS = (
					"$(SDKROOT)/Developer/Library/Frameworks",
					"$(inherited)",
				);
				INFOPLIST_FILE = MyTipCalTests/Info.plist;
				LD_RUNPATH_SEARCH_PATHS = "$(inherited) @executable_path/Frameworks @loader_path/Frameworks";
				PRODUCT_NAME = "$(TARGET_NAME)";
				TEST_HOST = "$(BUILT_PRODUCTS_DIR)/MyTipCal.app/MyTipCal";
			};
			name = Release;
		};
/* End XCBuildConfiguration section */

/* Begin XCConfigurationList section */
		85D8481319CB7C6700F40627 /* Build configuration list for PBXProject "MyTipCal" */ = {
			isa = XCConfigurationList;
			buildConfigurations = (
				85D8483519CB7C6800F40627 /* Debug */,
				85D8483619CB7C6800F40627 /* Release */,
			);
			defaultConfigurationIsVisible = 0;
			defaultConfigurationName = Release;
		};
		85D8483719CB7C6800F40627 /* Build configuration list for PBXNativeTarget "MyTipCal" */ = {
			isa = XCConfigurationList;
			buildConfigurations = (
				85D8483819CB7C6800F40627 /* Debug */,
				85D8483919CB7C6800F40627 /* Release */,
			);
			defaultConfigurationIsVisible = 0;
		};
		85D8483A19CB7C6800F40627 /* Build configuration list for PBXNativeTarget "MyTipCalTests" */ = {
			isa = XCConfigurationList;
			buildConfigurations = (
				85D8483B19CB7C6800F40627 /* Debug */,
				85D8483C19CB7C6800F40627 /* Release */,
			);
			defaultConfigurationIsVisible = 0;
		};
/* End XCConfigurationList section */
	};
	rootObject = 85D8481019CB7C6700F40627 /* Project object */;
}
